
Microsoft Visual Studio Solution File, Format Version 12.00
# Visual Studio 2012
Project("{FAE04EC0-301F-11D3-BF4B-00C04F79EFBC}") = "DesignPatterns", "DesignPatterns\DesignPatterns.csproj", "{F410A5F8-EFE7-4C68-B0B5-0BBE79E92B61}"
EndProject
Project("{FAE04EC0-301F-11D3-BF4B-00C04F79EFBC}") = "Decorator", "Decorator\Decorator.csproj", "{6DD15DCB-FCD0-4B98-A764-F0E36B6649A7}"
EndProject
Project("{FAE04EC0-301F-11D3-BF4B-00C04F79EFBC}") = "Proxy", "Proxy\Proxy.csproj", "{D1970D18-1F52-4DDF-8CBE-416CDA72F3BA}"
EndProject
Project("{FAE04EC0-301F-11D3-BF4B-00C04F79EFBC}") = "FactoryMethod", "FactoryMethod\FactoryMethod.csproj", "{E5CB23BE-B145-4225-9737-18D71AFB6E31}"
EndProject
Project("{FAE04EC0-301F-11D3-BF4B-00C04F79EFBC}") = "Prototype", "Prototype\Prototype.csproj", "{C49AB628-277D-42C4-9794-D6E27DB7FE64}"
EndProject
Project("{FAE04EC0-301F-11D3-BF4B-00C04F79EFBC}") = "TemplateMethod", "TemplateMethod\TemplateMethod.csproj", "{EDDB77EB-238C-461F-8022-BAFB76AED1BA}"
EndProject
Project("{FAE04EC0-301F-11D3-BF4B-00C04F79EFBC}") = "Facade", "Facade\Facade.csproj", "{462D79B4-0A5E-4FE8-87AE-07FCDDC67C40}"
EndProject
Project("{FAE04EC0-301F-11D3-BF4B-00C04F79EFBC}") = "Builder", "Builder\Builder.csproj", "{AB2C3FD3-8471-48CC-B183-B44CC322A9C3}"
EndProject
Project("{FAE04EC0-301F-11D3-BF4B-00C04F79EFBC}") = "Observer", "Observer\Observer.csproj", "{5B7D8610-2DF2-49A1-95AC-6A24BBFE3FFF}"
EndProject
Project("{FAE04EC0-301F-11D3-BF4B-00C04F79EFBC}") = "AbstractFactory", "AbstractFactory\AbstractFactory.csproj", "{1CEDB822-6BF7-4280-8C09-F5EBE27E02AC}"
EndProject
Project("{FAE04EC0-301F-11D3-BF4B-00C04F79EFBC}") = "State", "State\State.csproj", "{BF5DD0C1-5FDF-477D-A00D-3702E530409D}"
EndProject
Project("{FAE04EC0-301F-11D3-BF4B-00C04F79EFBC}") = "Adapter", "Adapter\Adapter.csproj", "{FAED3ADC-56E0-46AF-91EE-6C2EA9BAF6E1}"
EndProject
Project("{FAE04EC0-301F-11D3-BF4B-00C04F79EFBC}") = "Memento", "Memento\Memento.csproj", "{F904AB41-185D-45FD-83C7-90A60170547A}"
EndProject
Project("{FAE04EC0-301F-11D3-BF4B-00C04F79EFBC}") = "Composite", "Composite\Composite.csproj", "{6E997BD3-69D9-4597-984B-5ED481304546}"
EndProject
Global
	GlobalSection(SolutionConfigurationPlatforms) = preSolution
		Debug|Any CPU = Debug|Any CPU
		Release|Any CPU = Release|Any CPU
	EndGlobalSection
	GlobalSection(ProjectConfigurationPlatforms) = postSolution
		{F410A5F8-EFE7-4C68-B0B5-0BBE79E92B61}.Debug|Any CPU.ActiveCfg = Debug|Any CPU
		{F410A5F8-EFE7-4C68-B0B5-0BBE79E92B61}.Debug|Any CPU.Build.0 = Debug|Any CPU
		{F410A5F8-EFE7-4C68-B0B5-0BBE79E92B61}.Release|Any CPU.ActiveCfg = Release|Any CPU
		{F410A5F8-EFE7-4C68-B0B5-0BBE79E92B61}.Release|Any CPU.Build.0 = Release|Any CPU
		{6DD15DCB-FCD0-4B98-A764-F0E36B6649A7}.Debug|Any CPU.ActiveCfg = Debug|Any CPU
		{6DD15DCB-FCD0-4B98-A764-F0E36B6649A7}.Debug|Any CPU.Build.0 = Debug|Any CPU
		{6DD15DCB-FCD0-4B98-A764-F0E36B6649A7}.Release|Any CPU.ActiveCfg = Release|Any CPU
		{6DD15DCB-FCD0-4B98-A764-F0E36B6649A7}.Release|Any CPU.Build.0 = Release|Any CPU
		{D1970D18-1F52-4DDF-8CBE-416CDA72F3BA}.Debug|Any CPU.ActiveCfg = Debug|Any CPU
		{D1970D18-1F52-4DDF-8CBE-416CDA72F3BA}.Debug|Any CPU.Build.0 = Debug|Any CPU
		{D1970D18-1F52-4DDF-8CBE-416CDA72F3BA}.Release|Any CPU.ActiveCfg = Release|Any CPU
		{D1970D18-1F52-4DDF-8CBE-416CDA72F3BA}.Release|Any CPU.Build.0 = Release|Any CPU
		{E5CB23BE-B145-4225-9737-18D71AFB6E31}.Debug|Any CPU.ActiveCfg = Debug|Any CPU
		{E5CB23BE-B145-4225-9737-18D71AFB6E31}.Debug|Any CPU.Build.0 = Debug|Any CPU
		{E5CB23BE-B145-4225-9737-18D71AFB6E31}.Release|Any CPU.ActiveCfg = Release|Any CPU
		{E5CB23BE-B145-4225-9737-18D71AFB6E31}.Release|Any CPU.Build.0 = Release|Any CPU
		{C49AB628-277D-42C4-9794-D6E27DB7FE64}.Debug|Any CPU.ActiveCfg = Debug|Any CPU
		{C49AB628-277D-42C4-9794-D6E27DB7FE64}.Debug|Any CPU.Build.0 = Debug|Any CPU
		{C49AB628-277D-42C4-9794-D6E27DB7FE64}.Release|Any CPU.ActiveCfg = Release|Any CPU
		{C49AB628-277D-42C4-9794-D6E27DB7FE64}.Release|Any CPU.Build.0 = Release|Any CPU
		{EDDB77EB-238C-461F-8022-BAFB76AED1BA}.Debug|Any CPU.ActiveCfg = Debug|Any CPU
		{EDDB77EB-238C-461F-8022-BAFB76AED1BA}.Debug|Any CPU.Build.0 = Debug|Any CPU
		{EDDB77EB-238C-461F-8022-BAFB76AED1BA}.Release|Any CPU.ActiveCfg = Release|Any CPU
		{EDDB77EB-238C-461F-8022-BAFB76AED1BA}.Release|Any CPU.Build.0 = Release|Any CPU
		{462D79B4-0A5E-4FE8-87AE-07FCDDC67C40}.Debug|Any CPU.ActiveCfg = Debug|Any CPU
		{462D79B4-0A5E-4FE8-87AE-07FCDDC67C40}.Debug|Any CPU.Build.0 = Debug|Any CPU
		{462D79B4-0A5E-4FE8-87AE-07FCDDC67C40}.Release|Any CPU.ActiveCfg = Release|Any CPU
		{462D79B4-0A5E-4FE8-87AE-07FCDDC67C40}.Release|Any CPU.Build.0 = Release|Any CPU
		{AB2C3FD3-8471-48CC-B183-B44CC322A9C3}.Debug|Any CPU.ActiveCfg = Debug|Any CPU
		{AB2C3FD3-8471-48CC-B183-B44CC322A9C3}.Debug|Any CPU.Build.0 = Debug|Any CPU
		{AB2C3FD3-8471-48CC-B183-B44CC322A9C3}.Release|Any CPU.ActiveCfg = Release|Any CPU
		{AB2C3FD3-8471-48CC-B183-B44CC322A9C3}.Release|Any CPU.Build.0 = Release|Any CPU
		{5B7D8610-2DF2-49A1-95AC-6A24BBFE3FFF}.Debug|Any CPU.ActiveCfg = Debug|Any CPU
		{5B7D8610-2DF2-49A1-95AC-6A24BBFE3FFF}.Debug|Any CPU.Build.0 = Debug|Any CPU
		{5B7D8610-2DF2-49A1-95AC-6A24BBFE3FFF}.Release|Any CPU.ActiveCfg = Release|Any CPU
		{5B7D8610-2DF2-49A1-95AC-6A24BBFE3FFF}.Release|Any CPU.Build.0 = Release|Any CPU
		{1CEDB822-6BF7-4280-8C09-F5EBE27E02AC}.Debug|Any CPU.ActiveCfg = Debug|Any CPU
		{1CEDB822-6BF7-4280-8C09-F5EBE27E02AC}.Debug|Any CPU.Build.0 = Debug|Any CPU
		{1CEDB822-6BF7-4280-8C09-F5EBE27E02AC}.Release|Any CPU.ActiveCfg = Release|Any CPU
		{1CEDB822-6BF7-4280-8C09-F5EBE27E02AC}.Release|Any CPU.Build.0 = Release|Any CPU
		{BF5DD0C1-5FDF-477D-A00D-3702E530409D}.Debug|Any CPU.ActiveCfg = Debug|Any CPU
		{BF5DD0C1-5FDF-477D-A00D-3702E530409D}.Debug|Any CPU.Build.0 = Debug|Any CPU
		{BF5DD0C1-5FDF-477D-A00D-3702E530409D}.Release|Any CPU.ActiveCfg = Release|Any CPU
		{BF5DD0C1-5FDF-477D-A00D-3702E530409D}.Release|Any CPU.Build.0 = Release|Any CPU
		{FAED3ADC-56E0-46AF-91EE-6C2EA9BAF6E1}.Debug|Any CPU.ActiveCfg = Debug|Any CPU
		{FAED3ADC-56E0-46AF-91EE-6C2EA9BAF6E1}.Debug|Any CPU.Build.0 = Debug|Any CPU
		{FAED3ADC-56E0-46AF-91EE-6C2EA9BAF6E1}.Release|Any CPU.ActiveCfg = Release|Any CPU
		{FAED3ADC-56E0-46AF-91EE-6C2EA9BAF6E1}.Release|Any CPU.Build.0 = Release|Any CPU
		{F904AB41-185D-45FD-83C7-90A60170547A}.Debug|Any CPU.ActiveCfg = Debug|Any CPU
		{F904AB41-185D-45FD-83C7-90A60170547A}.Debug|Any CPU.Build.0 = Debug|Any CPU
		{F904AB41-185D-45FD-83C7-90A60170547A}.Release|Any CPU.ActiveCfg = Release|Any CPU
		{F904AB41-185D-45FD-83C7-90A60170547A}.Release|Any CPU.Build.0 = Release|Any CPU
		{6E997BD3-69D9-4597-984B-5ED481304546}.Debug|Any CPU.ActiveCfg = Debug|Any CPU
		{6E997BD3-69D9-4597-984B-5ED481304546}.Debug|Any CPU.Build.0 = Debug|Any CPU
		{6E997BD3-69D9-4597-984B-5ED481304546}.Release|Any CPU.ActiveCfg = Release|Any CPU
		{6E997BD3-69D9-4597-984B-5ED481304546}.Release|Any CPU.Build.0 = Release|Any CPU
	EndGlobalSection
	GlobalSection(SolutionProperties) = preSolution
		HideSolutionNode = FALSE
	EndGlobalSection
EndGlobal
